Microsoft Visual Studio Solution File, Format Version 12.00
# Visual Studio Version 17
VisualStudioVersion = 17.7.34031.279
MinimumVisualStudioVersion = 10.0.40219.1
Global
    GlobalSection(SolutionConfigurationPlatforms) = preSolution
        Debug|x64 = Debug|x64
        Debug|x86 = Debug|x86
        Release|x64 = Release|x64
        Release|x86 = Release|x86
    EndGlobalSection
    GlobalSection(ProjectConfigurationPlatforms) = postSolution

    EndGlobalSection
    GlobalSection(SolutionProperties) = preSolution
        HideSolutionNode = FALSE
    EndGlobalSection
    GlobalSection(ExtensibilityGlobals) = postSolution
        SolutionGuid = {b1c156d1-02dd-4a25-8721-b0b264bb4836}
    EndGlobalSection
EndGlobal
Project("{8BC9CEB8-8B4A-11D0-8D11-00A0C91BC942}") = "Bai001", "Bai001\Bai001.vcxproj", "{3cb59b3a-d559-4e56-9f34-78f2b2364235}"
EndProject
Project("{8BC9CEB8-8B4A-11D0-8D11-00A0C91BC942}") = "Bai002", "Bai002\Bai002.vcxproj", "{77748300-474b-47ab-89c3-439efc7364a5}"
EndProject
Project("{8BC9CEB8-8B4A-11D0-8D11-00A0C91BC942}") = "Bai003", "Bai003\Bai003.vcxproj", "{4df7eeed-091c-45b4-955c-ebb176fb7845}"
EndProject
Project("{8BC9CEB8-8B4A-11D0-8D11-00A0C91BC942}") = "Bai004", "Bai004\Bai004.vcxproj", "{e71836f0-59f6-4bd0-a709-1c891142e251}"
EndProject
Project("{8BC9CEB8-8B4A-11D0-8D11-00A0C91BC942}") = "Bai005", "Bai005\Bai005.vcxproj", "{ef69b93f-e285-4ad0-b16e-8fa173ac2d2f}"
EndProject
Project("{8BC9CEB8-8B4A-11D0-8D11-00A0C91BC942}") = "Bai006", "Bai006\Bai006.vcxproj", "{46647fdb-1064-42ea-8402-251ce5061bfa}"
EndProject
Project("{8BC9CEB8-8B4A-11D0-8D11-00A0C91BC942}") = "Bai007", "Bai007\Bai007.vcxproj", "{eb01e133-2641-4df8-a264-be407ade7162}"
EndProject
Project("{8BC9CEB8-8B4A-11D0-8D11-00A0C91BC942}") = "Bai008", "Bai008\Bai008.vcxproj", "{40ccae49-9a21-4797-b9e3-37326c659972}"
EndProject
Project("{8BC9CEB8-8B4A-11D0-8D11-00A0C91BC942}") = "Bai009", "Bai009\Bai009.vcxproj", "{af6c319d-cde3-4419-bd73-3670e2d1201f}"
EndProject
Project("{8BC9CEB8-8B4A-11D0-8D11-00A0C91BC942}") = "Bai010", "Bai010\Bai010.vcxproj", "{e09fb1f8-59d7-451c-b558-b6778f372257}"
EndProject
Project("{8BC9CEB8-8B4A-11D0-8D11-00A0C91BC942}") = "Bai011", "Bai011\Bai011.vcxproj", "{2260e3a5-07a4-45f2-aa85-79ad812d793b}"
EndProject
Project("{8BC9CEB8-8B4A-11D0-8D11-00A0C91BC942}") = "Bai012", "Bai012\Bai012.vcxproj", "{ff1b7ddf-6354-4fc9-85f9-f9689c1b3fe1}"
EndProject
Project("{8BC9CEB8-8B4A-11D0-8D11-00A0C91BC942}") = "Bai013", "Bai013\Bai013.vcxproj", "{65739626-1e5b-43ba-808d-9a2174df4f65}"
EndProject
Project("{8BC9CEB8-8B4A-11D0-8D11-00A0C91BC942}") = "Bai014", "Bai014\Bai014.vcxproj", "{0d8c7eee-d375-4148-b807-a60b17201604}"
EndProject
Project("{8BC9CEB8-8B4A-11D0-8D11-00A0C91BC942}") = "Bai015", "Bai015\Bai015.vcxproj", "{eb8f56ed-0d95-4e25-beb6-e6274ed99734}"
EndProject
Project("{8BC9CEB8-8B4A-11D0-8D11-00A0C91BC942}") = "Bai016", "Bai016\Bai016.vcxproj", "{ad612519-23fb-4d89-8296-570a1ba707a5}"
EndProject
Project("{8BC9CEB8-8B4A-11D0-8D11-00A0C91BC942}") = "Bai017", "Bai017\Bai017.vcxproj", "{729eb65f-743c-44af-a646-afb3890c4e4b}"
EndProject
Project("{8BC9CEB8-8B4A-11D0-8D11-00A0C91BC942}") = "Bai018", "Bai018\Bai018.vcxproj", "{aed9fcd3-0eef-4509-be18-4a84cfbe0d0b}"
EndProject
Project("{8BC9CEB8-8B4A-11D0-8D11-00A0C91BC942}") = "Bai019", "Bai019\Bai019.vcxproj", "{c30fb5d1-23cd-45a0-87ba-81c9a5085327}"
EndProject
Project("{8BC9CEB8-8B4A-11D0-8D11-00A0C91BC942}") = "Bai020", "Bai020\Bai020.vcxproj", "{1e7ef8ce-a71c-4a21-a024-1e85d29b9dc3}"
EndProject
Project("{8BC9CEB8-8B4A-11D0-8D11-00A0C91BC942}") = "Bai021", "Bai021\Bai021.vcxproj", "{bb0b39d3-2aba-4a05-b149-fb702a16bb80}"
EndProject
Project("{8BC9CEB8-8B4A-11D0-8D11-00A0C91BC942}") = "Bai022", "Bai022\Bai022.vcxproj", "{4731649b-1254-4020-89de-728ab8a19c47}"
EndProject
Project("{8BC9CEB8-8B4A-11D0-8D11-00A0C91BC942}") = "Bai023", "Bai023\Bai023.vcxproj", "{bc9a7e42-83a2-4fdd-abd8-5ea8fcd11e0e}"
EndProject
Project("{8BC9CEB8-8B4A-11D0-8D11-00A0C91BC942}") = "Bai024", "Bai024\Bai024.vcxproj", "{535a0e8c-d5d8-4d93-8692-bb164512c7b0}"
EndProject
Project("{8BC9CEB8-8B4A-11D0-8D11-00A0C91BC942}") = "Bai025", "Bai025\Bai025.vcxproj", "{86b8156d-db85-46a2-aa0e-ba94035970e1}"
EndProject
Project("{8BC9CEB8-8B4A-11D0-8D11-00A0C91BC942}") = "Bai026", "Bai026\Bai026.vcxproj", "{e39c2bfa-3dea-4b23-bd29-5cfee730835d}"
EndProject
Project("{8BC9CEB8-8B4A-11D0-8D11-00A0C91BC942}") = "Bai027", "Bai027\Bai027.vcxproj", "{3aedf71d-2914-43a5-b4c2-b85b1bd060d4}"
EndProject
Project("{8BC9CEB8-8B4A-11D0-8D11-00A0C91BC942}") = "Bai028", "Bai028\Bai028.vcxproj", "{293cc0a9-7bf8-48c5-908a-fec3129ff6db}"
EndProject
Project("{8BC9CEB8-8B4A-11D0-8D11-00A0C91BC942}") = "Bai029", "Bai029\Bai029.vcxproj", "{983cb484-0d27-4078-b201-ac8a2f951a2f}"
EndProject
Project("{8BC9CEB8-8B4A-11D0-8D11-00A0C91BC942}") = "Bai030", "Bai030\Bai030.vcxproj", "{3a4e15cd-8f79-43fa-86df-47cacb021695}"
EndProject
Project("{8BC9CEB8-8B4A-11D0-8D11-00A0C91BC942}") = "Bai031", "Bai031\Bai031.vcxproj", "{c29f132d-1e3c-4009-9f1b-dee926095465}"
EndProject
Project("{8BC9CEB8-8B4A-11D0-8D11-00A0C91BC942}") = "Bai032", "Bai032\Bai032.vcxproj", "{1bd51d4e-7b0c-4206-a5f7-e97204c5bf5e}"
EndProject
Project("{8BC9CEB8-8B4A-11D0-8D11-00A0C91BC942}") = "Bai033", "Bai033\Bai033.vcxproj", "{e27224bf-9206-46f9-a70b-944884c4d11f}"
EndProject
Project("{8BC9CEB8-8B4A-11D0-8D11-00A0C91BC942}") = "Bai034", "Bai034\Bai034.vcxproj", "{0447f4be-047c-4808-8e97-003b8a5893f1}"
EndProject
Project("{8BC9CEB8-8B4A-11D0-8D11-00A0C91BC942}") = "Bai035", "Bai035\Bai035.vcxproj", "{95d8ea72-b2d1-4a0b-803f-6d6494bf65d5}"
EndProject
Project("{8BC9CEB8-8B4A-11D0-8D11-00A0C91BC942}") = "Bai036", "Bai036\Bai036.vcxproj", "{55a66cb0-77b2-4fb5-950b-d374e6307aca}"
EndProject
Project("{8BC9CEB8-8B4A-11D0-8D11-00A0C91BC942}") = "Bai037", "Bai037\Bai037.vcxproj", "{75678537-b002-4d3c-ab3b-292eb1ce29e2}"
EndProject
Project("{8BC9CEB8-8B4A-11D0-8D11-00A0C91BC942}") = "Bai038", "Bai038\Bai038.vcxproj", "{69b74d47-279a-45eb-9cdc-3959730e2965}"
EndProject
Project("{8BC9CEB8-8B4A-11D0-8D11-00A0C91BC942}") = "Bai039", "Bai039\Bai039.vcxproj", "{e46fed17-dfbf-4a7d-9cb7-64f0519c0c60}"
EndProject
Project("{8BC9CEB8-8B4A-11D0-8D11-00A0C91BC942}") = "Bai040", "Bai040\Bai040.vcxproj", "{a0948e2d-4dfa-4d40-b0fe-67441e752af4}"
EndProject
Project("{8BC9CEB8-8B4A-11D0-8D11-00A0C91BC942}") = "Bai041", "Bai041\Bai041.vcxproj", "{bce795f5-7b5d-4800-8f91-f90a0ac51e98}"
EndProject
Project("{8BC9CEB8-8B4A-11D0-8D11-00A0C91BC942}") = "Bai042", "Bai042\Bai042.vcxproj", "{7c10827e-811d-4ae3-9b90-5b6048618ba4}"
EndProject
Project("{8BC9CEB8-8B4A-11D0-8D11-00A0C91BC942}") = "Bai043", "Bai043\Bai043.vcxproj", "{db8b3681-041a-4d6b-ac75-2b938bb92175}"
EndProject
Project("{8BC9CEB8-8B4A-11D0-8D11-00A0C91BC942}") = "Bai044", "Bai044\Bai044.vcxproj", "{b0b5e59a-1b0b-4546-979f-c8a79267feb8}"
EndProject
Project("{8BC9CEB8-8B4A-11D0-8D11-00A0C91BC942}") = "Bai045", "Bai045\Bai045.vcxproj", "{83444f35-fdb0-4f07-9ab4-e1d5d485cd7d}"
EndProject
Project("{8BC9CEB8-8B4A-11D0-8D11-00A0C91BC942}") = "Bai046", "Bai046\Bai046.vcxproj", "{69c1838a-4dc0-46da-b4b7-d17d6ed5e4ee}"
EndProject
Project("{8BC9CEB8-8B4A-11D0-8D11-00A0C91BC942}") = "Bai047", "Bai047\Bai047.vcxproj", "{9d4e1f43-0f59-45c3-adcb-d6f33735a060}"
EndProject
Project("{8BC9CEB8-8B4A-11D0-8D11-00A0C91BC942}") = "Bai048", "Bai048\Bai048.vcxproj", "{32651462-f964-48ae-8b4f-02a00211a4b6}"
EndProject
Project("{8BC9CEB8-8B4A-11D0-8D11-00A0C91BC942}") = "Bai049", "Bai049\Bai049.vcxproj", "{5a08f43a-bc5b-4aa2-987b-c4c0a75e871b}"
EndProject
Project("{8BC9CEB8-8B4A-11D0-8D11-00A0C91BC942}") = "Bai050", "Bai050\Bai050.vcxproj", "{60432214-e3ba-47c0-a31d-7298f5e20438}"
EndProject
Project("{8BC9CEB8-8B4A-11D0-8D11-00A0C91BC942}") = "Bai051", "Bai051\Bai051.vcxproj", "{03ea941e-9b23-4eee-a880-2f326eec5eb0}"
EndProject
Project("{8BC9CEB8-8B4A-11D0-8D11-00A0C91BC942}") = "Bai052", "Bai052\Bai052.vcxproj", "{2e21531a-6c3d-4fef-bcee-a7bdb7010a6a}"
EndProject
Project("{8BC9CEB8-8B4A-11D0-8D11-00A0C91BC942}") = "Bai053", "Bai053\Bai053.vcxproj", "{b62f9090-1dd6-49e6-bd81-bccdc68c12b6}"
EndProject
Project("{8BC9CEB8-8B4A-11D0-8D11-00A0C91BC942}") = "Bai054", "Bai054\Bai054.vcxproj", "{be9ee839-17c8-4654-a98d-518fb16d7ff9}"
EndProject
Project("{8BC9CEB8-8B4A-11D0-8D11-00A0C91BC942}") = "Bai055", "Bai055\Bai055.vcxproj", "{8c466f27-1e20-4f66-9e57-630d0a1dd99a}"
EndProject
Project("{8BC9CEB8-8B4A-11D0-8D11-00A0C91BC942}") = "Bai056", "Bai056\Bai056.vcxproj", "{bce5c414-4777-4131-9843-e7550320b523}"
EndProject
Project("{8BC9CEB8-8B4A-11D0-8D11-00A0C91BC942}") = "Bai057", "Bai057\Bai057.vcxproj", "{f10ac46b-a8d6-485c-b57a-02b44ceff5cb}"
EndProject
Project("{8BC9CEB8-8B4A-11D0-8D11-00A0C91BC942}") = "Bai058", "Bai058\Bai058.vcxproj", "{8ca5d76a-76ef-4e55-91b1-81aca9edc2f9}"
EndProject
Project("{8BC9CEB8-8B4A-11D0-8D11-00A0C91BC942}") = "Bai059", "Bai059\Bai059.vcxproj", "{7ab0036f-72ad-4ba4-8787-2782aedaa8f8}"
EndProject
Project("{8BC9CEB8-8B4A-11D0-8D11-00A0C91BC942}") = "Bai060", "Bai060\Bai060.vcxproj", "{8fecdce4-f5b1-4246-be40-1502e35918d4}"
EndProject
Project("{8BC9CEB8-8B4A-11D0-8D11-00A0C91BC942}") = "Bai061", "Bai061\Bai061.vcxproj", "{33bf0027-bef6-4f4c-9c2a-f9dde8c5c731}"
EndProject
Project("{8BC9CEB8-8B4A-11D0-8D11-00A0C91BC942}") = "Bai062", "Bai062\Bai062.vcxproj", "{1ea4df9d-a84a-4b14-ae0e-c04ea1ac8ac7}"
EndProject
Project("{8BC9CEB8-8B4A-11D0-8D11-00A0C91BC942}") = "Bai063", "Bai063\Bai063.vcxproj", "{c94a99d8-dfac-4177-ac2e-d234251fccd6}"
EndProject
Project("{8BC9CEB8-8B4A-11D0-8D11-00A0C91BC942}") = "Bai064", "Bai064\Bai064.vcxproj", "{5cdd782a-4eb3-4aa2-80fb-cc55f3c99591}"
EndProject
Project("{8BC9CEB8-8B4A-11D0-8D11-00A0C91BC942}") = "Bai065", "Bai065\Bai065.vcxproj", "{e976b5d6-9a84-43fe-8e06-d6352c8d072c}"
EndProject
Project("{8BC9CEB8-8B4A-11D0-8D11-00A0C91BC942}") = "Bai066", "Bai066\Bai066.vcxproj", "{328f7369-a110-4ecf-bbe6-636a0a4800a9}"
EndProject
Project("{8BC9CEB8-8B4A-11D0-8D11-00A0C91BC942}") = "Bai067", "Bai067\Bai067.vcxproj", "{980d309f-ac8a-41ba-a0fe-f73950b5b080}"
EndProject
Project("{8BC9CEB8-8B4A-11D0-8D11-00A0C91BC942}") = "Bai068", "Bai068\Bai068.vcxproj", "{1a86a1a6-eec0-4dbd-95ee-d8a66d8610b1}"
EndProject
Project("{8BC9CEB8-8B4A-11D0-8D11-00A0C91BC942}") = "Bai069", "Bai069\Bai069.vcxproj", "{3010d774-0820-4537-b403-7ac723f28cf1}"
EndProject
Project("{8BC9CEB8-8B4A-11D0-8D11-00A0C91BC942}") = "Bai070", "Bai070\Bai070.vcxproj", "{2dcee57f-d436-490d-8dad-6940813722d1}"
EndProject
Project("{8BC9CEB8-8B4A-11D0-8D11-00A0C91BC942}") = "Bai071", "Bai071\Bai071.vcxproj", "{0154e5dc-d314-4485-acb3-5b4d0952eb0b}"
EndProject
Project("{8BC9CEB8-8B4A-11D0-8D11-00A0C91BC942}") = "Bai072", "Bai072\Bai072.vcxproj", "{ecb67b53-dccc-4116-b401-440504a6a904}"
EndProject
Project("{8BC9CEB8-8B4A-11D0-8D11-00A0C91BC942}") = "Bai073", "Bai073\Bai073.vcxproj", "{fc5d61ae-cf61-4f97-8245-17a2622fc295}"
EndProject
Project("{8BC9CEB8-8B4A-11D0-8D11-00A0C91BC942}") = "Bai074", "Bai074\Bai074.vcxproj", "{3139cec6-915d-4a3d-8b27-e6a172a78ae6}"
EndProject
Project("{8BC9CEB8-8B4A-11D0-8D11-00A0C91BC942}") = "Bai075", "Bai075\Bai075.vcxproj", "{75116bd0-ee6d-4a29-a27b-8232e550935f}"
EndProject
Project("{8BC9CEB8-8B4A-11D0-8D11-00A0C91BC942}") = "Bai076", "Bai076\Bai076.vcxproj", "{ece619e9-9e99-44ea-b47d-86b2f627d47d}"
EndProject
Project("{8BC9CEB8-8B4A-11D0-8D11-00A0C91BC942}") = "Bai077", "Bai077\Bai077.vcxproj", "{d73cc3aa-9b3a-4c79-9a85-69b9582936a8}"
EndProject
Project("{8BC9CEB8-8B4A-11D0-8D11-00A0C91BC942}") = "Bai078", "Bai078\Bai078.vcxproj", "{5a472231-7fea-48f0-8494-fc84acf2166e}"
EndProject
Project("{8BC9CEB8-8B4A-11D0-8D11-00A0C91BC942}") = "Bai079", "Bai079\Bai079.vcxproj", "{800a3a0c-cd84-4624-b681-2ce239ad7c31}"
EndProject
Project("{8BC9CEB8-8B4A-11D0-8D11-00A0C91BC942}") = "Bai080", "Bai080\Bai080.vcxproj", "{6abce0b3-279a-4031-ab9f-ed56fce5cd61}"
EndProject
Project("{8BC9CEB8-8B4A-11D0-8D11-00A0C91BC942}") = "Bai081", "Bai081\Bai081.vcxproj", "{4f729532-56bc-429e-b5ec-17aac6cd8acd}"
EndProject
Project("{8BC9CEB8-8B4A-11D0-8D11-00A0C91BC942}") = "Bai082", "Bai082\Bai082.vcxproj", "{6014258a-5f74-4f59-8601-ee276cbd9040}"
EndProject
Project("{8BC9CEB8-8B4A-11D0-8D11-00A0C91BC942}") = "Bai083", "Bai083\Bai083.vcxproj", "{d1717d61-30c9-4d58-8392-84abaca5924c}"
EndProject
Project("{8BC9CEB8-8B4A-11D0-8D11-00A0C91BC942}") = "Bai084", "Bai084\Bai084.vcxproj", "{a61c3350-4ccf-4849-ae25-b69b51a3452a}"
EndProject
Project("{8BC9CEB8-8B4A-11D0-8D11-00A0C91BC942}") = "Bai085", "Bai085\Bai085.vcxproj", "{4e49aa32-0bdf-4034-9f28-617d3302157f}"
EndProject
Project("{8BC9CEB8-8B4A-11D0-8D11-00A0C91BC942}") = "Bai086", "Bai086\Bai086.vcxproj", "{b41bfb6c-4380-40a8-a744-9b6579459f7b}"
EndProject
Project("{8BC9CEB8-8B4A-11D0-8D11-00A0C91BC942}") = "Bai087", "Bai087\Bai087.vcxproj", "{45ef20b1-021e-462f-832e-d55a871b4f65}"
EndProject
Project("{8BC9CEB8-8B4A-11D0-8D11-00A0C91BC942}") = "Bai088", "Bai088\Bai088.vcxproj", "{ca4e37fe-3eef-46c8-b7ed-e205e6842683}"
EndProject
Project("{8BC9CEB8-8B4A-11D0-8D11-00A0C91BC942}") = "Bai089", "Bai089\Bai089.vcxproj", "{d27572cc-04e6-4f8a-a196-db4c2ed04ac7}"
EndProject
Project("{8BC9CEB8-8B4A-11D0-8D11-00A0C91BC942}") = "Bai090", "Bai090\Bai090.vcxproj", "{1b34b2e6-1bed-4ee4-89f4-db7bab7be1af}"
EndProject
Project("{8BC9CEB8-8B4A-11D0-8D11-00A0C91BC942}") = "Bai091", "Bai091\Bai091.vcxproj", "{4fded8ea-43a0-4bf0-a7ef-91aa400f90dc}"
EndProject
Project("{8BC9CEB8-8B4A-11D0-8D11-00A0C91BC942}") = "Bai092", "Bai092\Bai092.vcxproj", "{f0431852-8e15-4e6a-a1e0-3b7085077689}"
EndProject
Project("{8BC9CEB8-8B4A-11D0-8D11-00A0C91BC942}") = "Bai093", "Bai093\Bai093.vcxproj", "{dc1d82c3-a436-4093-bffe-4df8a149abf2}"
EndProject
Project("{8BC9CEB8-8B4A-11D0-8D11-00A0C91BC942}") = "Bai094", "Bai094\Bai094.vcxproj", "{c0c9671c-f86c-4fb7-b314-6e035fad904a}"
EndProject
Project("{8BC9CEB8-8B4A-11D0-8D11-00A0C91BC942}") = "Bai095", "Bai095\Bai095.vcxproj", "{4dbd0ad8-ccc8-4cd5-bc37-cc1a920abece}"
EndProject
Project("{8BC9CEB8-8B4A-11D0-8D11-00A0C91BC942}") = "Bai096", "Bai096\Bai096.vcxproj", "{47dacb81-f7ec-495b-9d4f-2c507e6d8a5b}"
EndProject
Project("{8BC9CEB8-8B4A-11D0-8D11-00A0C91BC942}") = "Bai097", "Bai097\Bai097.vcxproj", "{9817bc7e-ba46-43a6-8fcf-f349934481d4}"
EndProject
Project("{8BC9CEB8-8B4A-11D0-8D11-00A0C91BC942}") = "Bai098", "Bai098\Bai098.vcxproj", "{386e6094-b515-4f0d-88d5-8c9fd69b48cc}"
EndProject
Project("{8BC9CEB8-8B4A-11D0-8D11-00A0C91BC942}") = "Bai099", "Bai099\Bai099.vcxproj", "{5515f7cc-d11c-495e-bba1-5f392be60eaa}"
EndProject
Project("{8BC9CEB8-8B4A-11D0-8D11-00A0C91BC942}") = "Bai100", "Bai100\Bai100.vcxproj", "{62e63bf8-54c4-45e6-8414-ca47c8040f46}"
EndProject
Project("{8BC9CEB8-8B4A-11D0-8D11-00A0C91BC942}") = "Bai101", "Bai101\Bai101.vcxproj", "{370bf3bd-173b-4a04-a784-ad663e34f1d8}"
EndProject
Project("{8BC9CEB8-8B4A-11D0-8D11-00A0C91BC942}") = "Bai102", "Bai102\Bai102.vcxproj", "{567a2bfe-7935-4f27-a142-d30ff228fb7e}"
EndProject
Project("{8BC9CEB8-8B4A-11D0-8D11-00A0C91BC942}") = "Bai103", "Bai103\Bai103.vcxproj", "{0963cb0e-e4ab-4776-b494-a77dcb48206f}"
EndProject
Project("{8BC9CEB8-8B4A-11D0-8D11-00A0C91BC942}") = "Bai104", "Bai104\Bai104.vcxproj", "{229ef38c-81db-43c1-a1c2-6ea84f409bb1}"
EndProject
Project("{8BC9CEB8-8B4A-11D0-8D11-00A0C91BC942}") = "Bai105", "Bai105\Bai105.vcxproj", "{f0e23cd3-2a26-4054-aa8d-fceeae775cc1}"
EndProject
Project("{8BC9CEB8-8B4A-11D0-8D11-00A0C91BC942}") = "Bai106", "Bai106\Bai106.vcxproj", "{5a53e800-1959-44c2-961a-41213e6d9698}"
EndProject
Project("{8BC9CEB8-8B4A-11D0-8D11-00A0C91BC942}") = "Bai107", "Bai107\Bai107.vcxproj", "{63e5432c-d0c9-47fc-a107-359a983f6fd1}"
EndProject
Project("{8BC9CEB8-8B4A-11D0-8D11-00A0C91BC942}") = "Bai108", "Bai108\Bai108.vcxproj", "{ee23f73d-3c09-486c-8bca-cc6de6bd7cd6}"
EndProject
Project("{8BC9CEB8-8B4A-11D0-8D11-00A0C91BC942}") = "Bai109", "Bai109\Bai109.vcxproj", "{792d8a71-3977-4687-bf78-4d04156c9b3f}"
EndProject
Project("{8BC9CEB8-8B4A-11D0-8D11-00A0C91BC942}") = "Bai110", "Bai110\Bai110.vcxproj", "{9efc31db-f4aa-45ad-9186-1147e664f0ec}"
EndProject
Project("{8BC9CEB8-8B4A-11D0-8D11-00A0C91BC942}") = "Bai111", "Bai111\Bai111.vcxproj", "{5898b9ba-2958-4ab5-9581-b2d8f15a8b9f}"
EndProject
Project("{8BC9CEB8-8B4A-11D0-8D11-00A0C91BC942}") = "Bai112", "Bai112\Bai112.vcxproj", "{7675578c-8585-444c-8b59-2541c18fcd2d}"
EndProject
Project("{8BC9CEB8-8B4A-11D0-8D11-00A0C91BC942}") = "Bai113", "Bai113\Bai113.vcxproj", "{22767605-d577-4508-b19b-3c2f532b8b45}"
EndProject
Project("{8BC9CEB8-8B4A-11D0-8D11-00A0C91BC942}") = "Bai114", "Bai114\Bai114.vcxproj", "{1af6a5d5-8dc3-4fcf-97a8-00b0bcfd2484}"
EndProject
Project("{8BC9CEB8-8B4A-11D0-8D11-00A0C91BC942}") = "Bai115", "Bai115\Bai115.vcxproj", "{306cc0cd-89a9-42be-b57b-70d2d0a9bd4e}"
EndProject
Project("{8BC9CEB8-8B4A-11D0-8D11-00A0C91BC942}") = "Bai116", "Bai116\Bai116.vcxproj", "{fa7bb83f-a718-4ba8-b3bd-f5a929ce562c}"
EndProject
Project("{8BC9CEB8-8B4A-11D0-8D11-00A0C91BC942}") = "Bai117", "Bai117\Bai117.vcxproj", "{73ba35c4-c8ca-4053-989e-9d11d890190f}"
EndProject
Project("{8BC9CEB8-8B4A-11D0-8D11-00A0C91BC942}") = "Bai118", "Bai118\Bai118.vcxproj", "{7bf07f60-9b9e-4f12-9767-30b74a1d9dce}"
EndProject
Project("{8BC9CEB8-8B4A-11D0-8D11-00A0C91BC942}") = "Bai119", "Bai119\Bai119.vcxproj", "{cff4cf64-bd48-4ca8-99ce-19bd5e0d3a6e}"
EndProject
Project("{8BC9CEB8-8B4A-11D0-8D11-00A0C91BC942}") = "Bai120", "Bai120\Bai120.vcxproj", "{bcf50d51-2eb3-4a60-8cd8-c8c74e3b1e65}"
EndProject
Project("{8BC9CEB8-8B4A-11D0-8D11-00A0C91BC942}") = "Bai121", "Bai121\Bai121.vcxproj", "{4ede6059-97b7-4f9b-8fd8-0190543a35b9}"
EndProject
Project("{8BC9CEB8-8B4A-11D0-8D11-00A0C91BC942}") = "Bai122", "Bai122\Bai122.vcxproj", "{34bae524-a147-4c58-a86d-bc8e76f5ccc5}"
EndProject
Project("{8BC9CEB8-8B4A-11D0-8D11-00A0C91BC942}") = "Bai123", "Bai123\Bai123.vcxproj", "{991e7a48-5442-4110-9e4a-72bf0d7ef673}"
EndProject
Project("{8BC9CEB8-8B4A-11D0-8D11-00A0C91BC942}") = "Bai124", "Bai124\Bai124.vcxproj", "{276ddd62-bd75-4a3e-b93e-ca8939096f8f}"
EndProject
Project("{8BC9CEB8-8B4A-11D0-8D11-00A0C91BC942}") = "Bai125", "Bai125\Bai125.vcxproj", "{34851ba9-84f1-446b-a210-ec5a182c827d}"
EndProject
Project("{8BC9CEB8-8B4A-11D0-8D11-00A0C91BC942}") = "Bai126", "Bai126\Bai126.vcxproj", "{59aa1958-560a-4a47-844e-53747c8226d7}"
EndProject
Project("{8BC9CEB8-8B4A-11D0-8D11-00A0C91BC942}") = "Bai127", "Bai127\Bai127.vcxproj", "{623345c9-af37-4d59-9bcb-605134bb770d}"
EndProject
Project("{8BC9CEB8-8B4A-11D0-8D11-00A0C91BC942}") = "Bai128", "Bai128\Bai128.vcxproj", "{7de9101a-50d4-4327-9b47-0f0a8b37a366}"
EndProject
Project("{8BC9CEB8-8B4A-11D0-8D11-00A0C91BC942}") = "Bai129", "Bai129\Bai129.vcxproj", "{9c75543c-2cc6-4de9-8b8c-3ef1e208b06b}"
EndProject
Project("{8BC9CEB8-8B4A-11D0-8D11-00A0C91BC942}") = "Bai130", "Bai130\Bai130.vcxproj", "{e21cd42d-ebef-43dc-a5b7-0023a79ddc95}"
EndProject
Project("{8BC9CEB8-8B4A-11D0-8D11-00A0C91BC942}") = "Bai131", "Bai131\Bai131.vcxproj", "{cf349137-c508-4b0a-89b5-5d1633309dde}"
EndProject
Project("{8BC9CEB8-8B4A-11D0-8D11-00A0C91BC942}") = "Bai132", "Bai132\Bai132.vcxproj", "{03379a0a-08c6-4f14-b98f-a00c2131d797}"
EndProject
Project("{8BC9CEB8-8B4A-11D0-8D11-00A0C91BC942}") = "Bai133", "Bai133\Bai133.vcxproj", "{7cb3267f-753b-46e8-81c7-3c9bd7e4d173}"
EndProject
Project("{8BC9CEB8-8B4A-11D0-8D11-00A0C91BC942}") = "Bai134", "Bai134\Bai134.vcxproj", "{209217ad-b433-4556-98f3-fcbb9388004b}"
EndProject
Project("{8BC9CEB8-8B4A-11D0-8D11-00A0C91BC942}") = "Bai135", "Bai135\Bai135.vcxproj", "{fb401cc4-2352-4125-933b-c82d129a8035}"
EndProject
Project("{8BC9CEB8-8B4A-11D0-8D11-00A0C91BC942}") = "Bai136", "Bai136\Bai136.vcxproj", "{41accbe3-193f-422e-b8ad-14d2b1d54e0d}"
EndProject
Project("{8BC9CEB8-8B4A-11D0-8D11-00A0C91BC942}") = "Bai137", "Bai137\Bai137.vcxproj", "{fb996fe1-0c82-4c71-a19a-6854a9459bcf}"
EndProject
Project("{8BC9CEB8-8B4A-11D0-8D11-00A0C91BC942}") = "Bai138", "Bai138\Bai138.vcxproj", "{27eb6eea-d890-4bc0-8217-3c13994063bc}"
EndProject
Project("{8BC9CEB8-8B4A-11D0-8D11-00A0C91BC942}") = "Bai139", "Bai139\Bai139.vcxproj", "{f99446d8-c13a-4a7f-92e9-8a33b19d0642}"
EndProject
Project("{8BC9CEB8-8B4A-11D0-8D11-00A0C91BC942}") = "Bai140", "Bai140\Bai140.vcxproj", "{51a60eaa-1cbb-4aaa-94cf-ea4e23eae5e0}"
EndProject
Project("{8BC9CEB8-8B4A-11D0-8D11-00A0C91BC942}") = "Bai141", "Bai141\Bai141.vcxproj", "{2b6d8eac-fb00-48b8-af7c-57f23e5b189a}"
EndProject
Project("{8BC9CEB8-8B4A-11D0-8D11-00A0C91BC942}") = "Bai142", "Bai142\Bai142.vcxproj", "{a765156a-8598-4ccb-9e98-41b7cb0a2447}"
EndProject
Project("{8BC9CEB8-8B4A-11D0-8D11-00A0C91BC942}") = "Bai143", "Bai143\Bai143.vcxproj", "{e78e2be3-cba4-4cde-9e1f-6647ad35efc4}"
EndProject
Project("{8BC9CEB8-8B4A-11D0-8D11-00A0C91BC942}") = "Bai144", "Bai144\Bai144.vcxproj", "{9594a640-e3e9-4072-943b-148c7c306558}"
EndProject
Project("{8BC9CEB8-8B4A-11D0-8D11-00A0C91BC942}") = "Bai145", "Bai145\Bai145.vcxproj", "{f94154ac-5d66-4bdb-9fb1-8e4c1ab694ca}"
EndProject
Project("{8BC9CEB8-8B4A-11D0-8D11-00A0C91BC942}") = "Bai146", "Bai146\Bai146.vcxproj", "{8d52b1e1-e2b7-4ad4-9e49-46695b17e83f}"
EndProject
Project("{8BC9CEB8-8B4A-11D0-8D11-00A0C91BC942}") = "Bai147", "Bai147\Bai147.vcxproj", "{22d03ae1-1c1a-4642-9092-a297a00ffb94}"
EndProject
Project("{8BC9CEB8-8B4A-11D0-8D11-00A0C91BC942}") = "Bai148", "Bai148\Bai148.vcxproj", "{e8d262e8-d61a-474c-815e-046ebd4453bd}"
EndProject
Project("{8BC9CEB8-8B4A-11D0-8D11-00A0C91BC942}") = "Bai149", "Bai149\Bai149.vcxproj", "{edac3350-2a33-4750-92fe-0c99f664b25b}"
EndProject
Project("{8BC9CEB8-8B4A-11D0-8D11-00A0C91BC942}") = "Bai150", "Bai150\Bai150.vcxproj", "{88276504-2635-4695-9891-4874cc0a13a6}"
EndProject
Project("{8BC9CEB8-8B4A-11D0-8D11-00A0C91BC942}") = "Bai151", "Bai151\Bai151.vcxproj", "{398d5dab-412c-4e4d-aca4-1a6c00a4c5de}"
EndProject
Project("{8BC9CEB8-8B4A-11D0-8D11-00A0C91BC942}") = "Bai152", "Bai152\Bai152.vcxproj", "{7f7dc920-938b-41c6-8882-9aac770a248c}"
EndProject
Project("{8BC9CEB8-8B4A-11D0-8D11-00A0C91BC942}") = "Bai153", "Bai153\Bai153.vcxproj", "{9575ab3d-c5e4-4105-8d71-f3ddfac85197}"
EndProject
Project("{8BC9CEB8-8B4A-11D0-8D11-00A0C91BC942}") = "Bai154", "Bai154\Bai154.vcxproj", "{b510c058-9ae2-49d0-b72a-c149aa6022b9}"
EndProject
Project("{8BC9CEB8-8B4A-11D0-8D11-00A0C91BC942}") = "Bai155", "Bai155\Bai155.vcxproj", "{0b7932dc-9d4e-495b-9fb1-512e90017cb1}"
EndProject
Project("{8BC9CEB8-8B4A-11D0-8D11-00A0C91BC942}") = "Bai156", "Bai156\Bai156.vcxproj", "{1de77266-4597-4569-9374-464f0711fa79}"
EndProject
Project("{8BC9CEB8-8B4A-11D0-8D11-00A0C91BC942}") = "Bai157", "Bai157\Bai157.vcxproj", "{790c48bb-10f0-41e1-8f33-963bf983a44e}"
EndProject
Project("{8BC9CEB8-8B4A-11D0-8D11-00A0C91BC942}") = "Bai158", "Bai158\Bai158.vcxproj", "{9da0eebf-b824-4ca4-abc8-34a4eefbfa49}"
EndProject
Project("{8BC9CEB8-8B4A-11D0-8D11-00A0C91BC942}") = "Bai159", "Bai159\Bai159.vcxproj", "{94920753-e811-4d99-b66f-02341fa59ba7}"
EndProject
Project("{8BC9CEB8-8B4A-11D0-8D11-00A0C91BC942}") = "Bai160", "Bai160\Bai160.vcxproj", "{db5264db-a6c9-487b-a46e-add62c1c23eb}"
EndProject
Project("{8BC9CEB8-8B4A-11D0-8D11-00A0C91BC942}") = "Bai161", "Bai161\Bai161.vcxproj", "{bbb0250f-8bf7-41e2-a0d4-bac63a707e52}"
EndProject
Project("{8BC9CEB8-8B4A-11D0-8D11-00A0C91BC942}") = "Bai162", "Bai162\Bai162.vcxproj", "{c4b7b7c1-01b4-4301-b298-94dea85f4e7d}"
EndProject
Project("{8BC9CEB8-8B4A-11D0-8D11-00A0C91BC942}") = "Bai163", "Bai163\Bai163.vcxproj", "{2c25249f-1462-46d1-ae0b-7e9c38b535ed}"
EndProject
Project("{8BC9CEB8-8B4A-11D0-8D11-00A0C91BC942}") = "Bai164", "Bai164\Bai164.vcxproj", "{3bed9070-91ea-4187-8d52-e132eef085af}"
EndProject
Project("{8BC9CEB8-8B4A-11D0-8D11-00A0C91BC942}") = "Bai165", "Bai165\Bai165.vcxproj", "{bac53714-805a-457f-b021-b93286d815d8}"
EndProject
Project("{8BC9CEB8-8B4A-11D0-8D11-00A0C91BC942}") = "Bai166", "Bai166\Bai166.vcxproj", "{63a9a515-40ba-4de7-ab3e-03b050fa5b71}"
EndProject
Project("{8BC9CEB8-8B4A-11D0-8D11-00A0C91BC942}") = "Bai167", "Bai167\Bai167.vcxproj", "{c906a683-8a00-4154-951f-7fdc36987a4e}"
EndProject
Project("{8BC9CEB8-8B4A-11D0-8D11-00A0C91BC942}") = "Bai168", "Bai168\Bai168.vcxproj", "{2da125a8-3e37-417f-aef9-75b47e3d6ccd}"
EndProject
Project("{8BC9CEB8-8B4A-11D0-8D11-00A0C91BC942}") = "Bai169", "Bai169\Bai169.vcxproj", "{363739dd-551c-4e8b-8c6f-1aca6d14f232}"
EndProject
Project("{8BC9CEB8-8B4A-11D0-8D11-00A0C91BC942}") = "Bai170", "Bai170\Bai170.vcxproj", "{1ddb3cad-55a8-494f-9d66-353da5be6ba4}"
EndProject
Project("{8BC9CEB8-8B4A-11D0-8D11-00A0C91BC942}") = "Bai171", "Bai171\Bai171.vcxproj", "{dd3dd9be-fcff-4885-98bb-c4821b73971a}"
EndProject
Project("{8BC9CEB8-8B4A-11D0-8D11-00A0C91BC942}") = "Bai172", "Bai172\Bai172.vcxproj", "{1d026f26-b544-4651-a854-805943cd7a08}"
EndProject
Project("{8BC9CEB8-8B4A-11D0-8D11-00A0C91BC942}") = "Bai173", "Bai173\Bai173.vcxproj", "{b5c5f190-d2ab-4aea-b2bd-afc9ee97e32c}"
EndProject
Project("{8BC9CEB8-8B4A-11D0-8D11-00A0C91BC942}") = "Bai174", "Bai174\Bai174.vcxproj", "{29efdecf-5110-4aac-a805-2b5c8072a763}"
EndProject
Project("{8BC9CEB8-8B4A-11D0-8D11-00A0C91BC942}") = "Bai175", "Bai175\Bai175.vcxproj", "{9077f429-6e5a-4adb-b12c-c363019fcf1c}"
EndProject
Project("{8BC9CEB8-8B4A-11D0-8D11-00A0C91BC942}") = "Bai176", "Bai176\Bai176.vcxproj", "{42d1937b-459e-4d7c-a332-7a95229c3ccf}"
EndProject
Project("{8BC9CEB8-8B4A-11D0-8D11-00A0C91BC942}") = "Bai177", "Bai177\Bai177.vcxproj", "{8c5c193a-781c-4cc2-a6a2-125d2d672fee}"
EndProject
Project("{8BC9CEB8-8B4A-11D0-8D11-00A0C91BC942}") = "Bai178", "Bai178\Bai178.vcxproj", "{564ee1e0-a00c-465b-ae36-c4b214b7adc7}"
EndProject
Project("{8BC9CEB8-8B4A-11D0-8D11-00A0C91BC942}") = "Bai179", "Bai179\Bai179.vcxproj", "{7a92900a-cd7f-4b8a-b7e3-a7e5fa194b62}"
EndProject
Project("{8BC9CEB8-8B4A-11D0-8D11-00A0C91BC942}") = "Bai180", "Bai180\Bai180.vcxproj", "{5a81dd8c-59b5-4bc5-8def-db68a742575a}"
EndProject
Project("{8BC9CEB8-8B4A-11D0-8D11-00A0C91BC942}") = "Bai181", "Bai181\Bai181.vcxproj", "{29c3c18b-0b46-4514-8331-38403446e317}"
EndProject
Project("{8BC9CEB8-8B4A-11D0-8D11-00A0C91BC942}") = "Bai182", "Bai182\Bai182.vcxproj", "{8bcf0efd-5217-4256-bec7-e47e82b8ce13}"
EndProject
Project("{8BC9CEB8-8B4A-11D0-8D11-00A0C91BC942}") = "Bai183", "Bai183\Bai183.vcxproj", "{06e0cedc-352c-4846-a5cd-3d3875372248}"
EndProject
Project("{8BC9CEB8-8B4A-11D0-8D11-00A0C91BC942}") = "Bai184", "Bai184\Bai184.vcxproj", "{39612fb5-0b72-4841-a017-055b4becdbdb}"
EndProject
Project("{8BC9CEB8-8B4A-11D0-8D11-00A0C91BC942}") = "Bai185", "Bai185\Bai185.vcxproj", "{d85d2fc3-0063-4a11-bfff-4c452bcb731a}"
EndProject
Project("{8BC9CEB8-8B4A-11D0-8D11-00A0C91BC942}") = "Bai186", "Bai186\Bai186.vcxproj", "{1780e186-7475-4141-9863-0ea7f8a94451}"
EndProject
Project("{8BC9CEB8-8B4A-11D0-8D11-00A0C91BC942}") = "Bai187", "Bai187\Bai187.vcxproj", "{ee87edda-8298-45a0-8253-538635cd809c}"
EndProject
Project("{8BC9CEB8-8B4A-11D0-8D11-00A0C91BC942}") = "Bai188", "Bai188\Bai188.vcxproj", "{e67b0a2f-8931-4a11-bf7b-5d28ebe61c63}"
EndProject
Project("{8BC9CEB8-8B4A-11D0-8D11-00A0C91BC942}") = "Bai189", "Bai189\Bai189.vcxproj", "{4140b4a7-2d50-41c0-b12c-85a67b942fa6}"
EndProject
Project("{8BC9CEB8-8B4A-11D0-8D11-00A0C91BC942}") = "Bai190", "Bai190\Bai190.vcxproj", "{24592012-3e2b-4531-b265-0bb03ac3244c}"
EndProject
Project("{8BC9CEB8-8B4A-11D0-8D11-00A0C91BC942}") = "Bai191", "Bai191\Bai191.vcxproj", "{081418c5-b770-4c26-8ccc-4ee10f19376e}"
EndProject
Project("{8BC9CEB8-8B4A-11D0-8D11-00A0C91BC942}") = "Bai192", "Bai192\Bai192.vcxproj", "{ab331442-d2b1-4ac2-87ce-04fac4c8fbbb}"
EndProject
Project("{8BC9CEB8-8B4A-11D0-8D11-00A0C91BC942}") = "Bai193", "Bai193\Bai193.vcxproj", "{46c2e387-d98d-4602-9134-c39cedeace7a}"
EndProject
Project("{8BC9CEB8-8B4A-11D0-8D11-00A0C91BC942}") = "Bai194", "Bai194\Bai194.vcxproj", "{ae49eea5-1a56-4d53-9101-da78bc4efa78}"
EndProject
Project("{8BC9CEB8-8B4A-11D0-8D11-00A0C91BC942}") = "Bai195", "Bai195\Bai195.vcxproj", "{a4978a5a-78e3-424e-a255-4fe84974e04f}"
EndProject
Project("{8BC9CEB8-8B4A-11D0-8D11-00A0C91BC942}") = "Bai196", "Bai196\Bai196.vcxproj", "{24155114-5723-4018-9518-3221e6a3bebc}"
EndProject
Project("{8BC9CEB8-8B4A-11D0-8D11-00A0C91BC942}") = "Bai197", "Bai197\Bai197.vcxproj", "{8f727e5a-8e70-4721-b0bf-10eee02f7c5d}"
EndProject
Project("{8BC9CEB8-8B4A-11D0-8D11-00A0C91BC942}") = "Bai198", "Bai198\Bai198.vcxproj", "{586b2533-25f5-4520-9402-28ae71957aea}"
EndProject
Project("{8BC9CEB8-8B4A-11D0-8D11-00A0C91BC942}") = "Bai199", "Bai199\Bai199.vcxproj", "{201a469d-69f7-4c64-8349-699f2484f737}"
EndProject
Project("{8BC9CEB8-8B4A-11D0-8D11-00A0C91BC942}") = "Bai200", "Bai200\Bai200.vcxproj", "{eea494cd-cf3b-49a4-95ee-f63bd2dbd568}"
EndProject
Project("{8BC9CEB8-8B4A-11D0-8D11-00A0C91BC942}") = "Bai201", "Bai201\Bai201.vcxproj", "{edb53bb9-06f1-4554-8fe2-f04d064466d2}"
EndProject
Project("{8BC9CEB8-8B4A-11D0-8D11-00A0C91BC942}") = "Bai202", "Bai202\Bai202.vcxproj", "{83506c99-35e4-46c4-bfe8-4d67555b721f}"
EndProject
Project("{8BC9CEB8-8B4A-11D0-8D11-00A0C91BC942}") = "Bai203", "Bai203\Bai203.vcxproj", "{3545070d-a1a0-4826-a90f-861a05b650e8}"
EndProject
Project("{8BC9CEB8-8B4A-11D0-8D11-00A0C91BC942}") = "Bai204", "Bai204\Bai204.vcxproj", "{426e0279-2496-476e-82da-dfe4df59eec4}"
EndProject
Project("{8BC9CEB8-8B4A-11D0-8D11-00A0C91BC942}") = "Bai205", "Bai205\Bai205.vcxproj", "{e38ac3d8-6a4c-494a-8811-f5e5a77e2f3f}"
EndProject
Project("{8BC9CEB8-8B4A-11D0-8D11-00A0C91BC942}") = "Bai206", "Bai206\Bai206.vcxproj", "{87dfb7af-b274-42d4-99c9-8fed915d170b}"
EndProject
Project("{8BC9CEB8-8B4A-11D0-8D11-00A0C91BC942}") = "Bai207", "Bai207\Bai207.vcxproj", "{4808d551-7f39-42d4-80c9-677a8175ec92}"
EndProject
Project("{8BC9CEB8-8B4A-11D0-8D11-00A0C91BC942}") = "Bai208", "Bai208\Bai208.vcxproj", "{b61ecf25-6abf-47a7-b7a7-0be4ef8b1f38}"
EndProject
Project("{8BC9CEB8-8B4A-11D0-8D11-00A0C91BC942}") = "Bai209", "Bai209\Bai209.vcxproj", "{4227c3f3-26df-498c-a61b-d871ce347381}"
EndProject
Project("{8BC9CEB8-8B4A-11D0-8D11-00A0C91BC942}") = "Bai210", "Bai210\Bai210.vcxproj", "{04433d1d-b056-464f-bb7a-1c9efbe013da}"
EndProject
Project("{8BC9CEB8-8B4A-11D0-8D11-00A0C91BC942}") = "Bai211", "Bai211\Bai211.vcxproj", "{dde6dd1c-3f90-4aa8-bde2-ab1dad0241b6}"
EndProject
Project("{8BC9CEB8-8B4A-11D0-8D11-00A0C91BC942}") = "Bai212", "Bai212\Bai212.vcxproj", "{41b2d8cb-e2c6-4249-9c9e-5c2756109827}"
EndProject
Project("{8BC9CEB8-8B4A-11D0-8D11-00A0C91BC942}") = "Bai213", "Bai213\Bai213.vcxproj", "{f399ac79-32d9-42b3-bf72-7f03a93b43e7}"
EndProject
Project("{8BC9CEB8-8B4A-11D0-8D11-00A0C91BC942}") = "Bai214", "Bai214\Bai214.vcxproj", "{fd8b0f8e-a581-499e-9b3c-d7aa9251a617}"
EndProject
Project("{8BC9CEB8-8B4A-11D0-8D11-00A0C91BC942}") = "Bai215", "Bai215\Bai215.vcxproj", "{d99727db-f65a-49c5-8604-182c3c054892}"
EndProject
Project("{8BC9CEB8-8B4A-11D0-8D11-00A0C91BC942}") = "Bai216", "Bai216\Bai216.vcxproj", "{37ab8d12-4701-424e-a305-3565853fccce}"
EndProject
Project("{8BC9CEB8-8B4A-11D0-8D11-00A0C91BC942}") = "Bai217", "Bai217\Bai217.vcxproj", "{61ba0088-5732-4d92-886c-543635ffe054}"
EndProject
Project("{8BC9CEB8-8B4A-11D0-8D11-00A0C91BC942}") = "Bai218", "Bai218\Bai218.vcxproj", "{4faf9195-dca5-4188-8e47-6a31cc448b20}"
EndProject
Project("{8BC9CEB8-8B4A-11D0-8D11-00A0C91BC942}") = "Bai219", "Bai219\Bai219.vcxproj", "{995a329c-5ae6-4e8b-91c0-81ea128091db}"
EndProject
Project("{8BC9CEB8-8B4A-11D0-8D11-00A0C91BC942}") = "Bai220", "Bai220\Bai220.vcxproj", "{10c3b567-f71d-463c-9a65-a6244f092699}"
EndProject
Project("{8BC9CEB8-8B4A-11D0-8D11-00A0C91BC942}") = "Bai221", "Bai221\Bai221.vcxproj", "{579446cb-2ddc-4593-9a5a-d51420e33d26}"
EndProject
Project("{8BC9CEB8-8B4A-11D0-8D11-00A0C91BC942}") = "Bai222", "Bai222\Bai222.vcxproj", "{61c34954-6815-46c7-bb00-e6a82aa15bfd}"
EndProject
Project("{8BC9CEB8-8B4A-11D0-8D11-00A0C91BC942}") = "Bai223", "Bai223\Bai223.vcxproj", "{5ce5805b-2eb8-4dae-a9cf-01d7eaebd85c}"
EndProject
Project("{8BC9CEB8-8B4A-11D0-8D11-00A0C91BC942}") = "Bai224", "Bai224\Bai224.vcxproj", "{5ae6ca6b-71e7-42ab-8107-19a47fb12bbc}"
EndProject
Project("{8BC9CEB8-8B4A-11D0-8D11-00A0C91BC942}") = "Bai225", "Bai225\Bai225.vcxproj", "{1e6c8d68-1368-40e6-8377-ad337385380f}"
EndProject
Project("{8BC9CEB8-8B4A-11D0-8D11-00A0C91BC942}") = "Bai226", "Bai226\Bai226.vcxproj", "{54a84ebb-775c-48ab-9197-472eb048d583}"
EndProject
Project("{8BC9CEB8-8B4A-11D0-8D11-00A0C91BC942}") = "Bai227", "Bai227\Bai227.vcxproj", "{036a61b4-c100-45a8-aaa2-ca89b4dde300}"
EndProject
Project("{8BC9CEB8-8B4A-11D0-8D11-00A0C91BC942}") = "Bai228", "Bai228\Bai228.vcxproj", "{059be264-e5fe-45fa-9b84-aeec98afbb88}"
EndProject
Project("{8BC9CEB8-8B4A-11D0-8D11-00A0C91BC942}") = "Bai229", "Bai229\Bai229.vcxproj", "{674b192a-c4b8-4abc-9a16-80e51a429e8f}"
EndProject
Project("{8BC9CEB8-8B4A-11D0-8D11-00A0C91BC942}") = "Bai230", "Bai230\Bai230.vcxproj", "{093f4c4b-a160-4c94-b1b5-32b02bcb98cc}"
EndProject
Project("{8BC9CEB8-8B4A-11D0-8D11-00A0C91BC942}") = "Bai231", "Bai231\Bai231.vcxproj", "{d668174f-298b-4e15-b6f2-4fe09ca2126a}"
EndProject
Project("{8BC9CEB8-8B4A-11D0-8D11-00A0C91BC942}") = "Bai232", "Bai232\Bai232.vcxproj", "{137afede-54a9-4dfa-bd3c-76f45527ee1f}"
EndProject
Project("{8BC9CEB8-8B4A-11D0-8D11-00A0C91BC942}") = "Bai233", "Bai233\Bai233.vcxproj", "{7dc9b636-03ce-4bf9-8f55-f308dcd3ef99}"
EndProject
Project("{8BC9CEB8-8B4A-11D0-8D11-00A0C91BC942}") = "Bai234", "Bai234\Bai234.vcxproj", "{62e00edb-6d9e-4a13-bf8a-0bf190cc4f85}"
EndProject
Project("{8BC9CEB8-8B4A-11D0-8D11-00A0C91BC942}") = "Bai235", "Bai235\Bai235.vcxproj", "{76127b3d-9b93-4060-ab53-060820780efa}"
EndProject
Project("{8BC9CEB8-8B4A-11D0-8D11-00A0C91BC942}") = "Bai236", "Bai236\Bai236.vcxproj", "{e6c4dc8c-635b-4584-b981-62adae048f6c}"
EndProject
Project("{8BC9CEB8-8B4A-11D0-8D11-00A0C91BC942}") = "Bai237", "Bai237\Bai237.vcxproj", "{1a5e0b77-be44-4c46-9d95-c774f027404f}"
EndProject
Project("{8BC9CEB8-8B4A-11D0-8D11-00A0C91BC942}") = "Bai238", "Bai238\Bai238.vcxproj", "{84e9ded9-5601-476d-8054-2f691c9f7483}"
EndProject
Project("{8BC9CEB8-8B4A-11D0-8D11-00A0C91BC942}") = "Bai239", "Bai239\Bai239.vcxproj", "{1e853889-c526-40ee-9242-3c07454bdb3e}"
EndProject
Project("{8BC9CEB8-8B4A-11D0-8D11-00A0C91BC942}") = "Bai240", "Bai240\Bai240.vcxproj", "{300ad485-daff-4b87-8199-30d5fdfef0d8}"
EndProject
Project("{8BC9CEB8-8B4A-11D0-8D11-00A0C91BC942}") = "Bai241", "Bai241\Bai241.vcxproj", "{d996c665-4f8c-468a-b1fe-8c2fec4df4b1}"
EndProject
Project("{8BC9CEB8-8B4A-11D0-8D11-00A0C91BC942}") = "Bai242", "Bai242\Bai242.vcxproj", "{45ac2132-06c4-44d1-9dec-ed371835878b}"
EndProject
Project("{8BC9CEB8-8B4A-11D0-8D11-00A0C91BC942}") = "Bai243", "Bai243\Bai243.vcxproj", "{2d2e65fa-b2ea-4f38-874e-671d6735ef5c}"
EndProject
Project("{8BC9CEB8-8B4A-11D0-8D11-00A0C91BC942}") = "Bai244", "Bai244\Bai244.vcxproj", "{54f6dd73-4c27-42af-9c6e-3f2c21b6a728}"
EndProject
Project("{8BC9CEB8-8B4A-11D0-8D11-00A0C91BC942}") = "Bai245", "Bai245\Bai245.vcxproj", "{924dff37-33c9-4441-b0be-2373f83bb5a1}"
EndProject
Project("{8BC9CEB8-8B4A-11D0-8D11-00A0C91BC942}") = "Bai246", "Bai246\Bai246.vcxproj", "{4d147d04-b259-4af5-8dad-1d2cf0f36c26}"
EndProject
Project("{8BC9CEB8-8B4A-11D0-8D11-00A0C91BC942}") = "Bai247", "Bai247\Bai247.vcxproj", "{3f85c36a-4f65-4e03-ac9d-fbfe22623fa3}"
EndProject
Project("{8BC9CEB8-8B4A-11D0-8D11-00A0C91BC942}") = "Bai248", "Bai248\Bai248.vcxproj", "{f464420e-086d-4b72-83fc-ec8295b2b714}"
EndProject
Project("{8BC9CEB8-8B4A-11D0-8D11-00A0C91BC942}") = "Bai249", "Bai249\Bai249.vcxproj", "{ad0d2cd5-0616-4484-88d6-77bf41087be5}"
EndProject
Project("{8BC9CEB8-8B4A-11D0-8D11-00A0C91BC942}") = "Bai250", "Bai250\Bai250.vcxproj", "{d94fbe22-62a5-47ab-b21b-4adbb4d2512a}"
EndProject
Project("{8BC9CEB8-8B4A-11D0-8D11-00A0C91BC942}") = "Bai251", "Bai251\Bai251.vcxproj", "{4939fd97-8ec6-492e-8f62-c4396423580c}"
EndProject
Project("{8BC9CEB8-8B4A-11D0-8D11-00A0C91BC942}") = "Bai252", "Bai252\Bai252.vcxproj", "{3f83d02d-3b06-442f-bd61-e897a74f84fd}"
EndProject
Project("{8BC9CEB8-8B4A-11D0-8D11-00A0C91BC942}") = "Bai253", "Bai253\Bai253.vcxproj", "{a9af13f2-b76e-4604-8232-fb26c5828fd7}"
EndProject
Project("{8BC9CEB8-8B4A-11D0-8D11-00A0C91BC942}") = "Bai254", "Bai254\Bai254.vcxproj", "{099a94a8-af8e-4835-81dd-2dd25683bb52}"
EndProject
Project("{8BC9CEB8-8B4A-11D0-8D11-00A0C91BC942}") = "Bai255", "Bai255\Bai255.vcxproj", "{b4000007-d0c1-49b9-84e1-78d255564508}"
EndProject
Project("{8BC9CEB8-8B4A-11D0-8D11-00A0C91BC942}") = "Bai256", "Bai256\Bai256.vcxproj", "{25edff44-b85b-4329-b3a6-30368836235a}"
EndProject
Project("{8BC9CEB8-8B4A-11D0-8D11-00A0C91BC942}") = "Bai257", "Bai257\Bai257.vcxproj", "{e2db2178-8fec-48f5-9f46-00a9d794dde6}"
EndProject
Project("{8BC9CEB8-8B4A-11D0-8D11-00A0C91BC942}") = "Bai258", "Bai258\Bai258.vcxproj", "{27eacf81-5b63-4c67-a720-2fe1764be2be}"
EndProject
Project("{8BC9CEB8-8B4A-11D0-8D11-00A0C91BC942}") = "Bai259", "Bai259\Bai259.vcxproj", "{0f130ff9-34ee-48e6-b7b3-76bc3f5d1eaa}"
EndProject
Project("{8BC9CEB8-8B4A-11D0-8D11-00A0C91BC942}") = "Bai260", "Bai260\Bai260.vcxproj", "{70471897-9404-4620-8c95-6601355632d4}"
EndProject
Project("{8BC9CEB8-8B4A-11D0-8D11-00A0C91BC942}") = "Bai261", "Bai261\Bai261.vcxproj", "{63d5c795-944e-4bd1-bd95-8b2d945de7d8}"
EndProject
Project("{8BC9CEB8-8B4A-11D0-8D11-00A0C91BC942}") = "Bai262", "Bai262\Bai262.vcxproj", "{aac106b5-e007-41ad-befc-fe548565f088}"
EndProject
Project("{8BC9CEB8-8B4A-11D0-8D11-00A0C91BC942}") = "Bai263", "Bai263\Bai263.vcxproj", "{b227d321-08fd-4a9a-a409-c59c45009638}"
EndProject
Project("{8BC9CEB8-8B4A-11D0-8D11-00A0C91BC942}") = "Bai264", "Bai264\Bai264.vcxproj", "{ce816e15-681b-438d-9f93-1468501305f5}"
EndProject
Project("{8BC9CEB8-8B4A-11D0-8D11-00A0C91BC942}") = "Bai265", "Bai265\Bai265.vcxproj", "{9d346d07-534c-444b-abf0-c1e01a21a5b0}"
EndProject
Project("{8BC9CEB8-8B4A-11D0-8D11-00A0C91BC942}") = "Bai266", "Bai266\Bai266.vcxproj", "{15bac9a1-3ce3-46ee-a08c-aeb6ae90a9e3}"
EndProject
Project("{8BC9CEB8-8B4A-11D0-8D11-00A0C91BC942}") = "Bai267", "Bai267\Bai267.vcxproj", "{5f058117-d521-4756-a744-1250ef83a4a1}"
EndProject
Project("{8BC9CEB8-8B4A-11D0-8D11-00A0C91BC942}") = "Bai268", "Bai268\Bai268.vcxproj", "{b69e2056-d175-44c4-828d-76a5c7276cf0}"
EndProject
Project("{8BC9CEB8-8B4A-11D0-8D11-00A0C91BC942}") = "Bai269", "Bai269\Bai269.vcxproj", "{b6e29765-ea93-41fb-924f-76949ad42139}"
EndProject
Project("{8BC9CEB8-8B4A-11D0-8D11-00A0C91BC942}") = "Bai270", "Bai270\Bai270.vcxproj", "{2090079b-d893-4e1a-8f32-93457f43f141}"
EndProject
Project("{8BC9CEB8-8B4A-11D0-8D11-00A0C91BC942}") = "Bai271", "Bai271\Bai271.vcxproj", "{adc360aa-62f4-412c-ae0c-a187ae73f72e}"
EndProject
Project("{8BC9CEB8-8B4A-11D0-8D11-00A0C91BC942}") = "Bai272", "Bai272\Bai272.vcxproj", "{cd204688-02e1-4485-a895-b175473d1cef}"
EndProject
Project("{8BC9CEB8-8B4A-11D0-8D11-00A0C91BC942}") = "Bai273", "Bai273\Bai273.vcxproj", "{bf1264bc-4ac1-4c16-acad-6336b8a697d3}"
EndProject
Project("{8BC9CEB8-8B4A-11D0-8D11-00A0C91BC942}") = "Bai274", "Bai274\Bai274.vcxproj", "{a0bc1d6d-9e0f-4a21-93b9-2497c710f826}"
EndProject
Project("{8BC9CEB8-8B4A-11D0-8D11-00A0C91BC942}") = "Bai275", "Bai275\Bai275.vcxproj", "{974708ea-12b5-4ef0-af6e-b3b14ad418f9}"
EndProject
Project("{8BC9CEB8-8B4A-11D0-8D11-00A0C91BC942}") = "Bai276", "Bai276\Bai276.vcxproj", "{f2fdd217-6129-44a8-9dbc-428668a4ab9d}"
EndProject
Project("{8BC9CEB8-8B4A-11D0-8D11-00A0C91BC942}") = "Bai277", "Bai277\Bai277.vcxproj", "{6b04e10d-fef2-40bc-a215-9080601c8e00}"
EndProject
Project("{8BC9CEB8-8B4A-11D0-8D11-00A0C91BC942}") = "Bai278", "Bai278\Bai278.vcxproj", "{e335d95c-589e-4a18-b797-451037df0384}"
EndProject
Project("{8BC9CEB8-8B4A-11D0-8D11-00A0C91BC942}") = "Bai279", "Bai279\Bai279.vcxproj", "{3eaef8df-496d-4969-adb1-9251a8f70512}"
EndProject
Project("{8BC9CEB8-8B4A-11D0-8D11-00A0C91BC942}") = "Bai280", "Bai280\Bai280.vcxproj", "{47d8c844-66ae-46c2-afd9-3e22ace72cef}"
EndProject
Project("{8BC9CEB8-8B4A-11D0-8D11-00A0C91BC942}") = "Bai281", "Bai281\Bai281.vcxproj", "{7d1635d4-9945-4445-9788-d4e1e207468a}"
EndProject
Project("{8BC9CEB8-8B4A-11D0-8D11-00A0C91BC942}") = "Bai282", "Bai282\Bai282.vcxproj", "{8bbf8f9a-77c2-4992-9682-6366d2646a8d}"
EndProject
Project("{8BC9CEB8-8B4A-11D0-8D11-00A0C91BC942}") = "Bai283", "Bai283\Bai283.vcxproj", "{2d08fc98-b60d-402b-b4d9-6ec63060c29d}"
EndProject
Project("{8BC9CEB8-8B4A-11D0-8D11-00A0C91BC942}") = "Bai284", "Bai284\Bai284.vcxproj", "{a80a713f-2db2-4599-bb79-4fa4720dd03d}"
EndProject
Project("{8BC9CEB8-8B4A-11D0-8D11-00A0C91BC942}") = "Bai285", "Bai285\Bai285.vcxproj", "{9f337b8e-8cdc-49d5-a8a8-6280ed67ee7b}"
EndProject
Project("{8BC9CEB8-8B4A-11D0-8D11-00A0C91BC942}") = "Bai286", "Bai286\Bai286.vcxproj", "{f48bba0a-26b6-4766-85b8-d9fd49c815a7}"
EndProject
Project("{8BC9CEB8-8B4A-11D0-8D11-00A0C91BC942}") = "Bai287", "Bai287\Bai287.vcxproj", "{203b2b63-b445-4f99-8986-79a0f926ac38}"
EndProject
Project("{8BC9CEB8-8B4A-11D0-8D11-00A0C91BC942}") = "Bai288", "Bai288\Bai288.vcxproj", "{99b23cd1-f604-4e40-882d-d93ef0f1dedc}"
EndProject
Project("{8BC9CEB8-8B4A-11D0-8D11-00A0C91BC942}") = "Bai289", "Bai289\Bai289.vcxproj", "{54963182-7479-4e60-8769-3e12ce2fe6de}"
EndProject
Project("{8BC9CEB8-8B4A-11D0-8D11-00A0C91BC942}") = "Bai290", "Bai290\Bai290.vcxproj", "{797a9c66-2d61-4df2-806b-a34d0c230436}"
EndProject